// !$*UTF8*$!
{
	archiveVersion = 1;
	classes = {
	};
	objectVersion = 55;
	objects = {

/* Begin PBXBuildFile section */
		0437F10A28C238AF00231DC2 /* AppDelegate.swift in Sources */ = {isa = PBXBuildFile; fileRef = 0437F10928C238AF00231DC2 /* AppDelegate.swift */; };
		0437F10E28C238AF00231DC2 /* CatalogController.swift in Sources */ = {isa = PBXBuildFile; fileRef = 0437F10D28C238AF00231DC2 /* CatalogController.swift */; };
		0437F11328C238B200231DC2 /* Assets.xcassets in Resources */ = {isa = PBXBuildFile; fileRef = 0437F11228C238B200231DC2 /* Assets.xcassets */; };
		0437F11628C238B200231DC2 /* LaunchScreen.storyboard in Resources */ = {isa = PBXBuildFile; fileRef = 0437F11428C238B200231DC2 /* LaunchScreen.storyboard */; };
		0494133E28C2735000C60E44 /* TabBarCoordinator.swift in Sources */ = {isa = PBXBuildFile; fileRef = 0494133D28C2735000C60E44 /* TabBarCoordinator.swift */; };
		0494134028C2739300C60E44 /* AppCoordinator.swift in Sources */ = {isa = PBXBuildFile; fileRef = 0494133F28C2739300C60E44 /* AppCoordinator.swift */; };
		0494134328C273D600C60E44 /* Coordinator.swift in Sources */ = {isa = PBXBuildFile; fileRef = 0494134228C273D600C60E44 /* Coordinator.swift */; };
		0494134528C2827800C60E44 /* TabBarController.swift in Sources */ = {isa = PBXBuildFile; fileRef = 0494134428C2827800C60E44 /* TabBarController.swift */; };
/* End PBXBuildFile section */

/* Begin PBXFileReference section */
		0437F10628C238AF00231DC2 /* StreetBeatAppPrototype.app */ = {isa = PBXFileReference; explicitFileType = wrapper.application; includeInIndex = 0; path = StreetBeatAppPrototype.app; sourceTree = BUILT_PRODUCTS_DIR; };
		0437F10928C238AF00231DC2 /* AppDelegate.swift */ = {isa = PBXFileReference; lastKnownFileType = sourcecode.swift; path = AppDelegate.swift; sourceTree = "<group>"; };
		0437F10D28C238AF00231DC2 /* CatalogController.swift */ = {isa = PBXFileReference; lastKnownFileType = sourcecode.swift; path = CatalogController.swift; sourceTree = "<group>"; };
		0437F11228C238B200231DC2 /* Assets.xcassets */ = {isa = PBXFileReference; lastKnownFileType = folder.assetcatalog; path = Assets.xcassets; sourceTree = "<group>"; };
		0437F11528C238B200231DC2 /* Base */ = {isa = PBXFileReference; lastKnownFileType = file.storyboard; name = Base; path = Base.lproj/LaunchScreen.storyboard; sourceTree = "<group>"; };
		0437F11728C238B200231DC2 /* Info.plist */ = {isa = PBXFileReference; lastKnownFileType = text.plist.xml; path = Info.plist; sourceTree = "<group>"; };
		0494133D28C2735000C60E44 /* TabBarCoordinator.swift */ = {isa = PBXFileReference; lastKnownFileType = sourcecode.swift; path = TabBarCoordinator.swift; sourceTree = "<group>"; };
		0494133F28C2739300C60E44 /* AppCoordinator.swift */ = {isa = PBXFileReference; lastKnownFileType = sourcecode.swift; path = AppCoordinator.swift; sourceTree = "<group>"; };
		0494134228C273D600C60E44 /* Coordinator.swift */ = {isa = PBXFileReference; lastKnownFileType = sourcecode.swift; path = Coordinator.swift; sourceTree = "<group>"; };
		0494134428C2827800C60E44 /* TabBarController.swift */ = {isa = PBXFileReference; lastKnownFileType = sourcecode.swift; path = TabBarController.swift; sourceTree = "<group>"; };
/* End PBXFileReference section */

/* Begin PBXFrameworksBuildPhase section */
		0437F10328C238AF00231DC2 /* Frameworks */ = {
			isa = PBXFrameworksBuildPhase;
			buildActionMask = 2147483647;
			files = (
			);
			runOnlyForDeploymentPostprocessing = 0;
		};
/* End PBXFrameworksBuildPhase section */

/* Begin PBXGroup section */
		0437F0FD28C238AF00231DC2 = {
			isa = PBXGroup;
			children = (
				0437F10828C238AF00231DC2 /* StreetBeatAppPrototype */,
				0437F10728C238AF00231DC2 /* Products */,
			);
			sourceTree = "<group>";
		};
		0437F10728C238AF00231DC2 /* Products */ = {
			isa = PBXGroup;
			children = (
				0437F10628C238AF00231DC2 /* StreetBeatAppPrototype.app */,
			);
			name = Products;
			sourceTree = "<group>";
		};
		0437F10828C238AF00231DC2 /* StreetBeatAppPrototype */ = {
			isa = PBXGroup;
			children = (
				0437F11E28C23AD100231DC2 /* Sources */,
				0437F12328C23BAC00231DC2 /* Resources */,
			);
			path = StreetBeatAppPrototype;
			sourceTree = "<group>";
		};
		0437F11D28C23A8300231DC2 /* App */ = {
			isa = PBXGroup;
			children = (
				0437F10928C238AF00231DC2 /* AppDelegate.swift */,
				0494134128C273BC00C60E44 /* AppCoordinator */,
			);
			path = App;
			sourceTree = "<group>";
		};
		0437F11E28C23AD100231DC2 /* Sources */ = {
			isa = PBXGroup;
			children = (
				0437F11D28C23A8300231DC2 /* App */,
				0494133A28C2719C00C60E44 /* CatalogModule */,
			);
			path = Sources;
			sourceTree = "<group>";
		};
		0437F11F28C23AE700231DC2 /* View */ = {
			isa = PBXGroup;
			children = (
				0437F10D28C238AF00231DC2 /* CatalogController.swift */,
			);
			path = View;
			sourceTree = "<group>";
		};
		0437F12128C23B8A00231DC2 /* ViewModel */ = {
			isa = PBXGroup;
			children = (
			);
			path = ViewModel;
			sourceTree = "<group>";
		};
		0437F12228C23B9000231DC2 /* Model */ = {
			isa = PBXGroup;
			children = (
			);
			path = Model;
			sourceTree = "<group>";
		};
		0437F12328C23BAC00231DC2 /* Resources */ = {
			isa = PBXGroup;
			children = (
				0437F11228C238B200231DC2 /* Assets.xcassets */,
				0437F11428C238B200231DC2 /* LaunchScreen.storyboard */,
				0437F11728C238B200231DC2 /* Info.plist */,
			);
			path = Resources;
			sourceTree = "<group>";
		};
		0494133A28C2719C00C60E44 /* CatalogModule */ = {
			isa = PBXGroup;
			children = (
				0494133B28C271FE00C60E44 /* CatalogCoordinator */,
				0437F11F28C23AE700231DC2 /* View */,
				0437F12128C23B8A00231DC2 /* ViewModel */,
				0437F12228C23B9000231DC2 /* Model */,
			);
			path = CatalogModule;
			sourceTree = "<group>";
		};
		0494133B28C271FE00C60E44 /* CatalogCoordinator */ = {
			isa = PBXGroup;
			children = (
			);
			path = CatalogCoordinator;
			sourceTree = "<group>";
		};
		0494134128C273BC00C60E44 /* AppCoordinator */ = {
			isa = PBXGroup;
			children = (
				0494134228C273D600C60E44 /* Coordinator.swift */,
				0494133F28C2739300C60E44 /* AppCoordinator.swift */,
				0494134628C2828000C60E44 /* TabBarCoordinator */,
			);
			path = AppCoordinator;
			sourceTree = "<group>";
		};
		0494134628C2828000C60E44 /* TabBarCoordinator */ = {
			isa = PBXGroup;
			children = (
				0494133D28C2735000C60E44 /* TabBarCoordinator.swift */,
				0494134428C2827800C60E44 /* TabBarController.swift */,
			);
			path = TabBarCoordinator;
			sourceTree = "<group>";
		};
/* End PBXGroup section */

/* Begin PBXNativeTarget section */
		0437F10528C238AF00231DC2 /* StreetBeatAppPrototype */ = {
			isa = PBXNativeTarget;
			buildConfigurationList = 0437F11A28C238B200231DC2 /* Build configuration list for PBXNativeTarget "StreetBeatAppPrototype" */;
			buildPhases = (
				0437F10228C238AF00231DC2 /* Sources */,
				0437F10328C238AF00231DC2 /* Frameworks */,
				0437F10428C238AF00231DC2 /* Resources */,
			);
			buildRules = (
			);
			dependencies = (
			);
			name = StreetBeatAppPrototype;
			productName = StreetBeatAppPrototype;
			productReference = 0437F10628C238AF00231DC2 /* StreetBeatAppPrototype.app */;
			productType = "com.apple.product-type.application";
		};
/* End PBXNativeTarget section */

/* Begin PBXProject section */
		0437F0FE28C238AF00231DC2 /* Project object */ = {
			isa = PBXProject;
			attributes = {
				BuildIndependentTargetsInParallel = 1;
				LastSwiftUpdateCheck = 1340;
				LastUpgradeCheck = 1340;
				TargetAttributes = {
					0437F10528C238AF00231DC2 = {
						CreatedOnToolsVersion = 13.4.1;
					};
				};
			};
			buildConfigurationList = 0437F10128C238AF00231DC2 /* Build configuration list for PBXProject "StreetBeatAppPrototype" */;
			compatibilityVersion = "Xcode 13.0";
			developmentRegion = en;
			hasScannedForEncodings = 0;
			knownRegions = (
				en,
				Base,
			);
			mainGroup = 0437F0FD28C238AF00231DC2;
			productRefGroup = 0437F10728C238AF00231DC2 /* Products */;
			projectDirPath = "";
			projectRoot = "";
			targets = (
				0437F10528C238AF00231DC2 /* StreetBeatAppPrototype */,
			);
		};
/* End PBXProject section */

/* Begin PBXResourcesBuildPhase section */
		0437F10428C238AF00231DC2 /* Resources */ = {
			isa = PBXResourcesBuildPhase;
			buildActionMask = 2147483647;
			files = (
				0437F11628C238B200231DC2 /* LaunchScreen.storyboard in Resources */,
				0437F11328C238B200231DC2 /* Assets.xcassets in Resources */,
			);
			runOnlyForDeploymentPostprocessing = 0;
		};
/* End PBXResourcesBuildPhase section */

/* Begin PBXSourcesBuildPhase section */
		0437F10228C238AF00231DC2 /* Sources */ = {
			isa = PBXSourcesBuildPhase;
			buildActionMask = 2147483647;
			files = (
				0494134028C2739300C60E44 /* AppCoordinator.swift in Sources */,
				0437F10E28C238AF00231DC2 /* CatalogController.swift in Sources */,
				0494134328C273D600C60E44 /* Coordinator.swift in Sources */,
				0494134528C2827800C60E44 /* TabBarController.swift in Sources */,
				0437F10A28C238AF00231DC2 /* AppDelegate.swift in Sources */,
				0494133E28C2735000C60E44 /* TabBarCoordinator.swift in Sources */,
			);
			runOnlyForDeploymentPostprocessing = 0;
		};
/* End PBXSourcesBuildPhase section */

/* Begin PBXVariantGroup section */
		0437F11428C238B200231DC2 /* LaunchScreen.storyboard */ = {
			isa = PBXVariantGroup;
			children = (
				0437F11528C238B200231DC2 /* Base */,
			);
			name = LaunchScreen.storyboard;
			sourceTree = "<group>";
		};
/* End PBXVariantGroup section */

/* Begin XCBuildConfiguration section */
		0437F11828C238B200231DC2 /* Debug */ = {
			isa = XCBuildConfiguration;
			buildSettings = {
				ALWAYS_SEARCH_USER_PATHS = NO;
				CLANG_ANALYZER_NONNULL = YES;
				CLANG_ANALYZER_NUMBER_OBJECT_CONVERSION = YES_AGGRESSIVE;
				CLANG_CXX_LANGUAGE_STANDARD = "gnu++17";
				CLANG_ENABLE_MODULES = YES;
				CLANG_ENABLE_OBJC_ARC = YES;
				CLANG_ENABLE_OBJC_WEAK = YES;
				CLANG_WARN_BLOCK_CAPTURE_AUTORELEASING = YES;
				CLANG_WARN_BOOL_CONVERSION = YES;
				CLANG_WARN_COMMA = YES;
				CLANG_WARN_CONSTANT_CONVERSION = YES;
				CLANG_WARN_DEPRECATED_OBJC_IMPLEMENTATIONS = YES;
				CLANG_WARN_DIRECT_OBJC_ISA_USAGE = YES_ERROR;
				CLANG_WARN_DOCUMENTATION_COMMENTS = YES;
				CLANG_WARN_EMPTY_BODY = YES;
				CLANG_WARN_ENUM_CONVERSION = YES;
				CLANG_WARN_INFINITE_RECURSION = YES;
				CLANG_WARN_INT_CONVERSION = YES;
				CLANG_WARN_NON_LITERAL_NULL_CONVERSION = YES;
				CLANG_WARN_OBJC_IMPLICIT_RETAIN_SELF = YES;
				CLANG_WARN_OBJC_LITERAL_CONVERSION = YES;
				CLANG_WARN_OBJC_ROOT_CLASS = YES_ERROR;
				CLANG_WARN_QUOTED_INCLUDE_IN_FRAMEWORK_HEADER = YES;
				CLANG_WARN_RANGE_LOOP_ANALYSIS = YES;
				CLANG_WARN_STRICT_PROTOTYPES = YES;
				CLANG_WARN_SUSPICIOUS_MOVE = YES;
				CLANG_WARN_UNGUARDED_AVAILABILITY = YES_AGGRESSIVE;
				CLANG_WARN_UNREACHABLE_CODE = YES;
				CLANG_WARN__DUPLICATE_METHOD_MATCH = YES;
				COPY_PHASE_STRIP = NO;
				DEBUG_INFORMATION_FORMAT = dwarf;
				ENABLE_STRICT_OBJC_MSGSEND = YES;
				ENABLE_TESTABILITY = YES;
				GCC_C_LANGUAGE_STANDARD = gnu11;
				GCC_DYNAMIC_NO_PIC = NO;
				GCC_NO_COMMON_BLOCKS = YES;
				GCC_OPTIMIZATION_LEVEL = 0;
				GCC_PREPROCESSOR_DEFINITIONS = (
					"DEBUG=1",
					"$(inherited)",
				);
				GCC_WARN_64_TO_32_BIT_CONVERSION = YES;
				GCC_WARN_ABOUT_RETURN_TYPE = YES_ERROR;
				GCC_WARN_UNDECLARED_SELECTOR = YES;
				GCC_WARN_UNINITIALIZED_AUTOS = YES_AGGRESSIVE;
				GCC_WARN_UNUSED_FUNCTION = YES;
				GCC_WARN_UNUSED_VARIABLE = YES;
				IPHONEOS_DEPLOYMENT_TARGET = 15.5;
				MTL_ENABLE_DEBUG_INFO = INCLUDE_SOURCE;
				MTL_FAST_MATH = YES;
				ONLY_ACTIVE_ARCH = YES;
				SDKROOT = iphoneos;
				SWIFT_ACTIVE_COMPILATION_CONDITIONS = DEBUG;
				SWIFT_OPTIMIZATION_LEVEL = "-Onone";
			};
			name = Debug;
		};
		0437F11928C238B200231DC2 /* Release */ = {
			isa = XCBuildConfiguration;
			buildSettings = {
				ALWAYS_SEARCH_USER_PATHS = NO;
				CLANG_ANALYZER_NONNULL = YES;
				CLANG_ANALYZER_NUMBER_OBJECT_CONVERSION = YES_AGGRESSIVE;
				CLANG_CXX_LANGUAGE_STANDARD = "gnu++17";
				CLANG_ENABLE_MODULES = YES;
				CLANG_ENABLE_OBJC_ARC = YES;
				CLANG_ENABLE_OBJC_WEAK = YES;
				CLANG_WARN_BLOCK_CAPTURE_AUTORELEASING = YES;
				CLANG_WARN_BOOL_CONVERSION = YES;
				CLANG_WARN_COMMA = YES;
				CLANG_WARN_CONSTANT_CONVERSION = YES;
				CLANG_WARN_DEPRECATED_OBJC_IMPLEMENTATIONS = YES;
				CLANG_WARN_DIRECT_OBJC_ISA_USAGE = YES_ERROR;
				CLANG_WARN_DOCUMENTATION_COMMENTS = YES;
				CLANG_WARN_EMPTY_BODY = YES;
				CLANG_WARN_ENUM_CONVERSION = YES;
				CLANG_WARN_INFINITE_RECURSION = YES;
				CLANG_WARN_INT_CONVERSION = YES;
				CLANG_WARN_NON_LITERAL_NULL_CONVERSION = YES;
				CLANG_WARN_OBJC_IMPLICIT_RETAIN_SELF = YES;
				CLANG_WARN_OBJC_LITERAL_CONVERSION = YES;
				CLANG_WARN_OBJC_ROOT_CLASS = YES_ERROR;
				CLANG_WARN_QUOTED_INCLUDE_IN_FRAMEWORK_HEADER = YES;
				CLANG_WARN_RANGE_LOOP_ANALYSIS = YES;
				CLANG_WARN_STRICT_PROTOTYPES = YES;
				CLANG_WARN_SUSPICIOUS_MOVE = YES;
				CLANG_WARN_UNGUARDED_AVAILABILITY = YES_AGGRESSIVE;
				CLANG_WARN_UNREACHABLE_CODE = YES;
				CLANG_WARN__DUPLICATE_METHOD_MATCH = YES;
				COPY_PHASE_STRIP = NO;
				DEBUG_INFORMATION_FORMAT = "dwarf-with-dsym";
				ENABLE_NS_ASSERTIONS = NO;
				ENABLE_STRICT_OBJC_MSGSEND = YES;
				GCC_C_LANGUAGE_STANDARD = gnu11;
				GCC_NO_COMMON_BLOCKS = YES;
				GCC_WARN_64_TO_32_BIT_CONVERSION = YES;
				GCC_WARN_ABOUT_RETURN_TYPE = YES_ERROR;
				GCC_WARN_UNDECLARED_SELECTOR = YES;
				GCC_WARN_UNINITIALIZED_AUTOS = YES_AGGRESSIVE;
				GCC_WARN_UNUSED_FUNCTION = YES;
				GCC_WARN_UNUSED_VARIABLE = YES;
				IPHONEOS_DEPLOYMENT_TARGET = 15.5;
				MTL_ENABLE_DEBUG_INFO = NO;
				MTL_FAST_MATH = YES;
				SDKROOT = iphoneos;
				SWIFT_COMPILATION_MODE = wholemodule;
				SWIFT_OPTIMIZATION_LEVEL = "-O";
				VALIDATE_PRODUCT = YES;
			};
			name = Release;
		};
		0437F11B28C238B200231DC2 /* Debug */ = {
			isa = XCBuildConfiguration;
			buildSettings = {
				ASSETCATALOG_COMPILER_APPICON_NAME = AppIcon;
				ASSETCATALOG_COMPILER_GLOBAL_ACCENT_COLOR_NAME = AccentColor;
				CODE_SIGN_STYLE = Automatic;
				CURRENT_PROJECT_VERSION = 1;
				DEVELOPMENT_TEAM = 34TG2Y4HBL;
				GENERATE_INFOPLIST_FILE = YES;
				INFOPLIST_FILE = StreetBeatAppPrototype/Resources/Info.plist;
				INFOPLIST_KEY_UIApplicationSupportsIndirectInputEvents = YES;
				INFOPLIST_KEY_UILaunchStoryboardName = LaunchScreen;
				INFOPLIST_KEY_UISupportedInterfaceOrientations_iPad = UIInterfaceOrientationPortrait;
				INFOPLIST_KEY_UISupportedInterfaceOrientations_iPhone = UIInterfaceOrientationPortrait;
				INFOPLIST_KEY_UIUserInterfaceStyle = Light;
				LD_RUNPATH_SEARCH_PATHS = (
					"$(inherited)",
					"@executable_path/Frameworks",
				);
				MARKETING_VERSION = 1.0;
				PRODUCT_BUNDLE_IDENTIFIER = com.my.StreetBeatAppPrototype;
				PRODUCT_NAME = "$(TARGET_NAME)";
				SWIFT_EMIT_LOC_STRINGS = YES;
				SWIFT_VERSION = 5.0;
				TARGETED_DEVICE_FAMILY = "1,2";
			};
			name = Debug;
		};
		0437F11C28C238B200231DC2 /* Release */ = {
			isa = XCBuildConfiguration;
			buildSettings = {
				ASSETCATALOG_COMPILER_APPICON_NAME = AppIcon;
				ASSETCATALOG_COMPILER_GLOBAL_ACCENT_COLOR_NAME = AccentColor;
				CODE_SIGN_STYLE = Automatic;
				CURRENT_PROJECT_VERSION = 1;
				DEVELOPMENT_TEAM = 34TG2Y4HBL;
				GENERATE_INFOPLIST_FILE = YES;
				INFOPLIST_FILE = StreetBeatAppPrototype/Resources/Info.plist;
				INFOPLIST_KEY_UIApplicationSupportsIndirectInputEvents = YES;
				INFOPLIST_KEY_UILaunchStoryboardName = LaunchScreen;
				INFOPLIST_KEY_UISupportedInterfaceOrientations_iPad = UIInterfaceOrientationPortrait;
				INFOPLIST_KEY_UISupportedInterfaceOrientations_iPhone = UIInterfaceOrientationPortrait;
				INFOPLIST_KEY_UIUserInterfaceStyle = Light;
				LD_RUNPATH_SEARCH_PATHS = (
					"$(inherited)",
					"@executable_path/Frameworks",
				);
				MARKETING_VERSION = 1.0;
				PRODUCT_BUNDLE_IDENTIFIER = com.my.StreetBeatAppPrototype;
				PRODUCT_NAME = "$(TARGET_NAME)";
				SWIFT_EMIT_LOC_STRINGS = YES;
				SWIFT_VERSION = 5.0;
				TARGETED_DEVICE_FAMILY = "1,2";
			};
			name = Release;
		};
/* End XCBuildConfiguration section */

/* Begin XCConfigurationList section */
		0437F10128C238AF00231DC2 /* Build configuration list for PBXProject "StreetBeatAppPrototype" */ = {
			isa = XCConfigurationList;
			buildConfigurations = (
				0437F11828C238B200231DC2 /* Debug */,
				0437F11928C238B200231DC2 /* Release */,
			);
			defaultConfigurationIsVisible = 0;
			defaultConfigurationName = Release;
		};
		0437F11A28C238B200231DC2 /* Build configuration list for PBXNativeTarget "StreetBeatAppPrototype" */ = {
			isa = XCConfigurationList;
			buildConfigurations = (
				0437F11B28C238B200231DC2 /* Debug */,
				0437F11C28C238B200231DC2 /* Release */,
			);
			defaultConfigurationIsVisible = 0;
			defaultConfigurationName = Release;
		};
/* End XCConfigurationList section */
	};
	rootObject = 0437F0FE28C238AF00231DC2 /* Project object */;
}
